// !$*UTF8*$!
{
	archiveVersion = 1;
	classes = {
	};
	objectVersion = 50;
	objects = {

/* Begin PBXBuildFile section */
		FF22DECE25EA9EB300A64BB3 /* ImageLoader.swift in Sources */ = {isa = PBXBuildFile; fileRef = FF22DECD25EA9EB300A64BB3 /* ImageLoader.swift */; };
		FF22DEDD25EAA6BE00A64BB3 /* RecipeDetailProtocols.swift in Sources */ = {isa = PBXBuildFile; fileRef = FF22DEDC25EAA6BE00A64BB3 /* RecipeDetailProtocols.swift */; };
		FF22DEE625EAA73800A64BB3 /* RecipeDetailPresenter.swift in Sources */ = {isa = PBXBuildFile; fileRef = FF22DEE525EAA73800A64BB3 /* RecipeDetailPresenter.swift */; };
		FF22DEEB25EAA74400A64BB3 /* RecipeDetailInteractor.swift in Sources */ = {isa = PBXBuildFile; fileRef = FF22DEEA25EAA74400A64BB3 /* RecipeDetailInteractor.swift */; };
		FF22DEF025EAA75000A64BB3 /* RecipeDetailRouter.swift in Sources */ = {isa = PBXBuildFile; fileRef = FF22DEEF25EAA75000A64BB3 /* RecipeDetailRouter.swift */; };
		FF22DEF625EAA81300A64BB3 /* RecipeDetailViewController.swift in Sources */ = {isa = PBXBuildFile; fileRef = FF22DEF425EAA81300A64BB3 /* RecipeDetailViewController.swift */; };
		FF22DEF725EAA81300A64BB3 /* RecipeDetailViewController.xib in Resources */ = {isa = PBXBuildFile; fileRef = FF22DEF525EAA81300A64BB3 /* RecipeDetailViewController.xib */; };
		FF22DEFC25EAA8AE00A64BB3 /* RecipeDetail.swift in Sources */ = {isa = PBXBuildFile; fileRef = FF22DEFB25EAA8AE00A64BB3 /* RecipeDetail.swift */; };
		FF22DF0725EAAB3000A64BB3 /* RecipeDetailResponse.swift in Sources */ = {isa = PBXBuildFile; fileRef = FF22DF0625EAAB3000A64BB3 /* RecipeDetailResponse.swift */; };
		FF288B6825EA894100F5BA05 /* AppDelegate.swift in Sources */ = {isa = PBXBuildFile; fileRef = FF288B6725EA894100F5BA05 /* AppDelegate.swift */; };
		FF288B6A25EA894100F5BA05 /* SceneDelegate.swift in Sources */ = {isa = PBXBuildFile; fileRef = FF288B6925EA894100F5BA05 /* SceneDelegate.swift */; };
		FF288B6C25EA894100F5BA05 /* ViewController.swift in Sources */ = {isa = PBXBuildFile; fileRef = FF288B6B25EA894100F5BA05 /* ViewController.swift */; };
		FF288B6F25EA894100F5BA05 /* Main.storyboard in Resources */ = {isa = PBXBuildFile; fileRef = FF288B6D25EA894100F5BA05 /* Main.storyboard */; };
		FF288B7125EA894200F5BA05 /* Assets.xcassets in Resources */ = {isa = PBXBuildFile; fileRef = FF288B7025EA894200F5BA05 /* Assets.xcassets */; };
		FF288B7425EA894200F5BA05 /* LaunchScreen.storyboard in Resources */ = {isa = PBXBuildFile; fileRef = FF288B7225EA894200F5BA05 /* LaunchScreen.storyboard */; };
		FF288B7F25EA894200F5BA05 /* recipe_bookTests.swift in Sources */ = {isa = PBXBuildFile; fileRef = FF288B7E25EA894200F5BA05 /* recipe_bookTests.swift */; };
		FF288B8A25EA894200F5BA05 /* recipe_bookUITests.swift in Sources */ = {isa = PBXBuildFile; fileRef = FF288B8925EA894200F5BA05 /* recipe_bookUITests.swift */; };
		FF288B9D25EA8AD200F5BA05 /* RecipeSearchProtocols.swift in Sources */ = {isa = PBXBuildFile; fileRef = FF288B9C25EA8AD200F5BA05 /* RecipeSearchProtocols.swift */; };
		FF288BA525EA8B4C00F5BA05 /* RecipeSearchPresenter.swift in Sources */ = {isa = PBXBuildFile; fileRef = FF288BA425EA8B4C00F5BA05 /* RecipeSearchPresenter.swift */; };
		FF288BAA25EA8B5B00F5BA05 /* RecipeSearchInteractor.swift in Sources */ = {isa = PBXBuildFile; fileRef = FF288BA925EA8B5B00F5BA05 /* RecipeSearchInteractor.swift */; };
		FF288BAF25EA8B6A00F5BA05 /* RecipeSearchRouter.swift in Sources */ = {isa = PBXBuildFile; fileRef = FF288BAE25EA8B6A00F5BA05 /* RecipeSearchRouter.swift */; };
		FF288BB625EA8B9000F5BA05 /* Recipe.swift in Sources */ = {isa = PBXBuildFile; fileRef = FF288BB525EA8B9000F5BA05 /* Recipe.swift */; };
		FF288BBE25EA8FF400F5BA05 /* RecipeSearchResponse.swift in Sources */ = {isa = PBXBuildFile; fileRef = FF288BBD25EA8FF400F5BA05 /* RecipeSearchResponse.swift */; };
		FF288BC325EA93CC00F5BA05 /* RecipeSearchViewTableViewController.swift in Sources */ = {isa = PBXBuildFile; fileRef = FF288BC225EA93CC00F5BA05 /* RecipeSearchViewTableViewController.swift */; };
/* End PBXBuildFile section */

/* Begin PBXContainerItemProxy section */
		FF288B7B25EA894200F5BA05 /* PBXContainerItemProxy */ = {
			isa = PBXContainerItemProxy;
			containerPortal = FF288B5C25EA894100F5BA05 /* Project object */;
			proxyType = 1;
			remoteGlobalIDString = FF288B6325EA894100F5BA05;
			remoteInfo = "recipe book";
		};
		FF288B8625EA894200F5BA05 /* PBXContainerItemProxy */ = {
			isa = PBXContainerItemProxy;
			containerPortal = FF288B5C25EA894100F5BA05 /* Project object */;
			proxyType = 1;
			remoteGlobalIDString = FF288B6325EA894100F5BA05;
			remoteInfo = "recipe book";
		};
/* End PBXContainerItemProxy section */

/* Begin PBXFileReference section */
		FF22DECD25EA9EB300A64BB3 /* ImageLoader.swift */ = {isa = PBXFileReference; lastKnownFileType = sourcecode.swift; path = ImageLoader.swift; sourceTree = "<group>"; };
		FF22DEDC25EAA6BE00A64BB3 /* RecipeDetailProtocols.swift */ = {isa = PBXFileReference; lastKnownFileType = sourcecode.swift; path = RecipeDetailProtocols.swift; sourceTree = "<group>"; };
		FF22DEE525EAA73800A64BB3 /* RecipeDetailPresenter.swift */ = {isa = PBXFileReference; lastKnownFileType = sourcecode.swift; path = RecipeDetailPresenter.swift; sourceTree = "<group>"; };
		FF22DEEA25EAA74400A64BB3 /* RecipeDetailInteractor.swift */ = {isa = PBXFileReference; lastKnownFileType = sourcecode.swift; path = RecipeDetailInteractor.swift; sourceTree = "<group>"; };
		FF22DEEF25EAA75000A64BB3 /* RecipeDetailRouter.swift */ = {isa = PBXFileReference; lastKnownFileType = sourcecode.swift; path = RecipeDetailRouter.swift; sourceTree = "<group>"; };
		FF22DEF425EAA81300A64BB3 /* RecipeDetailViewController.swift */ = {isa = PBXFileReference; lastKnownFileType = sourcecode.swift; path = RecipeDetailViewController.swift; sourceTree = "<group>"; };
		FF22DEF525EAA81300A64BB3 /* RecipeDetailViewController.xib */ = {isa = PBXFileReference; lastKnownFileType = file.xib; path = RecipeDetailViewController.xib; sourceTree = "<group>"; };
		FF22DEFB25EAA8AE00A64BB3 /* RecipeDetail.swift */ = {isa = PBXFileReference; lastKnownFileType = sourcecode.swift; path = RecipeDetail.swift; sourceTree = "<group>"; };
		FF22DF0625EAAB3000A64BB3 /* RecipeDetailResponse.swift */ = {isa = PBXFileReference; lastKnownFileType = sourcecode.swift; path = RecipeDetailResponse.swift; sourceTree = "<group>"; };
		FF288B6425EA894100F5BA05 /* recipe book.app */ = {isa = PBXFileReference; explicitFileType = wrapper.application; includeInIndex = 0; path = "recipe book.app"; sourceTree = BUILT_PRODUCTS_DIR; };
		FF288B6725EA894100F5BA05 /* AppDelegate.swift */ = {isa = PBXFileReference; lastKnownFileType = sourcecode.swift; path = AppDelegate.swift; sourceTree = "<group>"; };
		FF288B6925EA894100F5BA05 /* SceneDelegate.swift */ = {isa = PBXFileReference; lastKnownFileType = sourcecode.swift; path = SceneDelegate.swift; sourceTree = "<group>"; };
		FF288B6B25EA894100F5BA05 /* ViewController.swift */ = {isa = PBXFileReference; lastKnownFileType = sourcecode.swift; path = ViewController.swift; sourceTree = "<group>"; };
		FF288B6E25EA894100F5BA05 /* Base */ = {isa = PBXFileReference; lastKnownFileType = file.storyboard; name = Base; path = Base.lproj/Main.storyboard; sourceTree = "<group>"; };
		FF288B7025EA894200F5BA05 /* Assets.xcassets */ = {isa = PBXFileReference; lastKnownFileType = folder.assetcatalog; path = Assets.xcassets; sourceTree = "<group>"; };
		FF288B7325EA894200F5BA05 /* Base */ = {isa = PBXFileReference; lastKnownFileType = file.storyboard; name = Base; path = Base.lproj/LaunchScreen.storyboard; sourceTree = "<group>"; };
		FF288B7525EA894200F5BA05 /* Info.plist */ = {isa = PBXFileReference; lastKnownFileType = text.plist.xml; path = Info.plist; sourceTree = "<group>"; };
		FF288B7A25EA894200F5BA05 /* recipe bookTests.xctest */ = {isa = PBXFileReference; explicitFileType = wrapper.cfbundle; includeInIndex = 0; path = "recipe bookTests.xctest"; sourceTree = BUILT_PRODUCTS_DIR; };
		FF288B7E25EA894200F5BA05 /* recipe_bookTests.swift */ = {isa = PBXFileReference; lastKnownFileType = sourcecode.swift; path = recipe_bookTests.swift; sourceTree = "<group>"; };
		FF288B8025EA894200F5BA05 /* Info.plist */ = {isa = PBXFileReference; lastKnownFileType = text.plist.xml; path = Info.plist; sourceTree = "<group>"; };
		FF288B8525EA894200F5BA05 /* recipe bookUITests.xctest */ = {isa = PBXFileReference; explicitFileType = wrapper.cfbundle; includeInIndex = 0; path = "recipe bookUITests.xctest"; sourceTree = BUILT_PRODUCTS_DIR; };
		FF288B8925EA894200F5BA05 /* recipe_bookUITests.swift */ = {isa = PBXFileReference; lastKnownFileType = sourcecode.swift; path = recipe_bookUITests.swift; sourceTree = "<group>"; };
		FF288B8B25EA894200F5BA05 /* Info.plist */ = {isa = PBXFileReference; lastKnownFileType = text.plist.xml; path = Info.plist; sourceTree = "<group>"; };
		FF288B9C25EA8AD200F5BA05 /* RecipeSearchProtocols.swift */ = {isa = PBXFileReference; lastKnownFileType = sourcecode.swift; path = RecipeSearchProtocols.swift; sourceTree = "<group>"; };
		FF288BA425EA8B4C00F5BA05 /* RecipeSearchPresenter.swift */ = {isa = PBXFileReference; lastKnownFileType = sourcecode.swift; path = RecipeSearchPresenter.swift; sourceTree = "<group>"; };
		FF288BA925EA8B5B00F5BA05 /* RecipeSearchInteractor.swift */ = {isa = PBXFileReference; lastKnownFileType = sourcecode.swift; path = RecipeSearchInteractor.swift; sourceTree = "<group>"; };
		FF288BAE25EA8B6A00F5BA05 /* RecipeSearchRouter.swift */ = {isa = PBXFileReference; lastKnownFileType = sourcecode.swift; path = RecipeSearchRouter.swift; sourceTree = "<group>"; };
		FF288BB525EA8B9000F5BA05 /* Recipe.swift */ = {isa = PBXFileReference; lastKnownFileType = sourcecode.swift; path = Recipe.swift; sourceTree = "<group>"; };
		FF288BBD25EA8FF400F5BA05 /* RecipeSearchResponse.swift */ = {isa = PBXFileReference; lastKnownFileType = sourcecode.swift; path = RecipeSearchResponse.swift; sourceTree = "<group>"; };
		FF288BC225EA93CC00F5BA05 /* RecipeSearchViewTableViewController.swift */ = {isa = PBXFileReference; lastKnownFileType = sourcecode.swift; path = RecipeSearchViewTableViewController.swift; sourceTree = "<group>"; };
/* End PBXFileReference section */

/* Begin PBXFrameworksBuildPhase section */
		FF288B6125EA894100F5BA05 /* Frameworks */ = {
			isa = PBXFrameworksBuildPhase;
			buildActionMask = 2147483647;
			files = (
			);
			runOnlyForDeploymentPostprocessing = 0;
		};
		FF288B7725EA894200F5BA05 /* Frameworks */ = {
			isa = PBXFrameworksBuildPhase;
			buildActionMask = 2147483647;
			files = (
			);
			runOnlyForDeploymentPostprocessing = 0;
		};
		FF288B8225EA894200F5BA05 /* Frameworks */ = {
			isa = PBXFrameworksBuildPhase;
			buildActionMask = 2147483647;
			files = (
			);
			runOnlyForDeploymentPostprocessing = 0;
		};
/* End PBXFrameworksBuildPhase section */

/* Begin PBXGroup section */
		FF22DECC25EA9E9C00A64BB3 /* utils */ = {
			isa = PBXGroup;
			children = (
				FF22DECD25EA9EB300A64BB3 /* ImageLoader.swift */,
			);
			path = utils;
			sourceTree = "<group>";
		};
		FF22DEDB25EAA69A00A64BB3 /* RecipeDetailModule */ = {
			isa = PBXGroup;
			children = (
				FF22DEDC25EAA6BE00A64BB3 /* RecipeDetailProtocols.swift */,
				FF22DEE525EAA73800A64BB3 /* RecipeDetailPresenter.swift */,
				FF22DEEA25EAA74400A64BB3 /* RecipeDetailInteractor.swift */,
				FF22DEEF25EAA75000A64BB3 /* RecipeDetailRouter.swift */,
				FF22DEE425EAA72600A64BB3 /* view */,
			);
			path = RecipeDetailModule;
			sourceTree = "<group>";
		};
		FF22DEE425EAA72600A64BB3 /* view */ = {
			isa = PBXGroup;
			children = (
				FF22DEF425EAA81300A64BB3 /* RecipeDetailViewController.swift */,
				FF22DEF525EAA81300A64BB3 /* RecipeDetailViewController.xib */,
			);
			path = view;
			sourceTree = "<group>";
		};
		FF288B5B25EA894100F5BA05 = {
			isa = PBXGroup;
			children = (
				FF288B6625EA894100F5BA05 /* recipe book */,
				FF288B7D25EA894200F5BA05 /* recipe bookTests */,
				FF288B8825EA894200F5BA05 /* recipe bookUITests */,
				FF288B6525EA894100F5BA05 /* Products */,
			);
			sourceTree = "<group>";
		};
		FF288B6525EA894100F5BA05 /* Products */ = {
			isa = PBXGroup;
			children = (
				FF288B6425EA894100F5BA05 /* recipe book.app */,
				FF288B7A25EA894200F5BA05 /* recipe bookTests.xctest */,
				FF288B8525EA894200F5BA05 /* recipe bookUITests.xctest */,
			);
			name = Products;
			sourceTree = "<group>";
		};
		FF288B6625EA894100F5BA05 /* recipe book */ = {
			isa = PBXGroup;
			children = (
				FF22DECC25EA9E9C00A64BB3 /* utils */,
				FF288BB325EA8B7400F5BA05 /* model */,
				FF288B9A25EA8AA400F5BA05 /* modules */,
				FF288B6725EA894100F5BA05 /* AppDelegate.swift */,
				FF288B6925EA894100F5BA05 /* SceneDelegate.swift */,
				FF288B6B25EA894100F5BA05 /* ViewController.swift */,
				FF288B6D25EA894100F5BA05 /* Main.storyboard */,
				FF288B7025EA894200F5BA05 /* Assets.xcassets */,
				FF288B7225EA894200F5BA05 /* LaunchScreen.storyboard */,
				FF288B7525EA894200F5BA05 /* Info.plist */,
			);
			path = "recipe book";
			sourceTree = "<group>";
		};
		FF288B7D25EA894200F5BA05 /* recipe bookTests */ = {
			isa = PBXGroup;
			children = (
				FF288B7E25EA894200F5BA05 /* recipe_bookTests.swift */,
				FF288B8025EA894200F5BA05 /* Info.plist */,
			);
			path = "recipe bookTests";
			sourceTree = "<group>";
		};
		FF288B8825EA894200F5BA05 /* recipe bookUITests */ = {
			isa = PBXGroup;
			children = (
				FF288B8925EA894200F5BA05 /* recipe_bookUITests.swift */,
				FF288B8B25EA894200F5BA05 /* Info.plist */,
			);
			path = "recipe bookUITests";
			sourceTree = "<group>";
		};
		FF288B9A25EA8AA400F5BA05 /* modules */ = {
			isa = PBXGroup;
			children = (
				FF22DEDB25EAA69A00A64BB3 /* RecipeDetailModule */,
				FF288B9B25EA8AAD00F5BA05 /* RecipeSearchModule */,
			);
			path = modules;
			sourceTree = "<group>";
		};
		FF288B9B25EA8AAD00F5BA05 /* RecipeSearchModule */ = {
			isa = PBXGroup;
			children = (
				FF288BC725EA93D100F5BA05 /* view */,
				FF288B9C25EA8AD200F5BA05 /* RecipeSearchProtocols.swift */,
				FF288BA425EA8B4C00F5BA05 /* RecipeSearchPresenter.swift */,
				FF288BA925EA8B5B00F5BA05 /* RecipeSearchInteractor.swift */,
				FF288BAE25EA8B6A00F5BA05 /* RecipeSearchRouter.swift */,
			);
			path = RecipeSearchModule;
			sourceTree = "<group>";
		};
		FF288BB325EA8B7400F5BA05 /* model */ = {
			isa = PBXGroup;
			children = (
				FF288BB425EA8B7D00F5BA05 /* entity */,
			);
			path = model;
			sourceTree = "<group>";
		};
		FF288BB425EA8B7D00F5BA05 /* entity */ = {
			isa = PBXGroup;
			children = (
				FF288BB525EA8B9000F5BA05 /* Recipe.swift */,
				FF288BBD25EA8FF400F5BA05 /* RecipeSearchResponse.swift */,
				FF22DEFB25EAA8AE00A64BB3 /* RecipeDetail.swift */,
				FF22DF0625EAAB3000A64BB3 /* RecipeDetailResponse.swift */,
			);
			path = entity;
			sourceTree = "<group>";
		};
		FF288BC725EA93D100F5BA05 /* view */ = {
			isa = PBXGroup;
			children = (
				FF288BC225EA93CC00F5BA05 /* RecipeSearchViewTableViewController.swift */,
			);
			path = view;
			sourceTree = "<group>";
		};
/* End PBXGroup section */

/* Begin PBXNativeTarget section */
		FF288B6325EA894100F5BA05 /* recipe book */ = {
			isa = PBXNativeTarget;
			buildConfigurationList = FF288B8E25EA894200F5BA05 /* Build configuration list for PBXNativeTarget "recipe book" */;
			buildPhases = (
				FF288B6025EA894100F5BA05 /* Sources */,
				FF288B6125EA894100F5BA05 /* Frameworks */,
				FF288B6225EA894100F5BA05 /* Resources */,
			);
			buildRules = (
			);
			dependencies = (
			);
			name = "recipe book";
			productName = "recipe book";
			productReference = FF288B6425EA894100F5BA05 /* recipe book.app */;
			productType = "com.apple.product-type.application";
		};
		FF288B7925EA894200F5BA05 /* recipe bookTests */ = {
			isa = PBXNativeTarget;
			buildConfigurationList = FF288B9125EA894200F5BA05 /* Build configuration list for PBXNativeTarget "recipe bookTests" */;
			buildPhases = (
				FF288B7625EA894200F5BA05 /* Sources */,
				FF288B7725EA894200F5BA05 /* Frameworks */,
				FF288B7825EA894200F5BA05 /* Resources */,
			);
			buildRules = (
			);
			dependencies = (
				FF288B7C25EA894200F5BA05 /* PBXTargetDependency */,
			);
			name = "recipe bookTests";
			productName = "recipe bookTests";
			productReference = FF288B7A25EA894200F5BA05 /* recipe bookTests.xctest */;
			productType = "com.apple.product-type.bundle.unit-test";
		};
		FF288B8425EA894200F5BA05 /* recipe bookUITests */ = {
			isa = PBXNativeTarget;
			buildConfigurationList = FF288B9425EA894200F5BA05 /* Build configuration list for PBXNativeTarget "recipe bookUITests" */;
			buildPhases = (
				FF288B8125EA894200F5BA05 /* Sources */,
				FF288B8225EA894200F5BA05 /* Frameworks */,
				FF288B8325EA894200F5BA05 /* Resources */,
			);
			buildRules = (
			);
			dependencies = (
				FF288B8725EA894200F5BA05 /* PBXTargetDependency */,
			);
			name = "recipe bookUITests";
			productName = "recipe bookUITests";
			productReference = FF288B8525EA894200F5BA05 /* recipe bookUITests.xctest */;
			productType = "com.apple.product-type.bundle.ui-testing";
		};
/* End PBXNativeTarget section */

/* Begin PBXProject section */
		FF288B5C25EA894100F5BA05 /* Project object */ = {
			isa = PBXProject;
			attributes = {
				LastSwiftUpdateCheck = 1220;
				LastUpgradeCheck = 1220;
				TargetAttributes = {
					FF288B6325EA894100F5BA05 = {
						CreatedOnToolsVersion = 12.2;
					};
					FF288B7925EA894200F5BA05 = {
						CreatedOnToolsVersion = 12.2;
						TestTargetID = FF288B6325EA894100F5BA05;
					};
					FF288B8425EA894200F5BA05 = {
						CreatedOnToolsVersion = 12.2;
						TestTargetID = FF288B6325EA894100F5BA05;
					};
				};
			};
			buildConfigurationList = FF288B5F25EA894100F5BA05 /* Build configuration list for PBXProject "recipe book" */;
			compatibilityVersion = "Xcode 9.3";
			developmentRegion = en;
			hasScannedForEncodings = 0;
			knownRegions = (
				en,
				Base,
			);
			mainGroup = FF288B5B25EA894100F5BA05;
			productRefGroup = FF288B6525EA894100F5BA05 /* Products */;
			projectDirPath = "";
			projectRoot = "";
			targets = (
				FF288B6325EA894100F5BA05 /* recipe book */,
				FF288B7925EA894200F5BA05 /* recipe bookTests */,
				FF288B8425EA894200F5BA05 /* recipe bookUITests */,
			);
		};
/* End PBXProject section */

/* Begin PBXResourcesBuildPhase section */
		FF288B6225EA894100F5BA05 /* Resources */ = {
			isa = PBXResourcesBuildPhase;
			buildActionMask = 2147483647;
			files = (
				FF288B7425EA894200F5BA05 /* LaunchScreen.storyboard in Resources */,
				FF22DEF725EAA81300A64BB3 /* RecipeDetailViewController.xib in Resources */,
				FF288B7125EA894200F5BA05 /* Assets.xcassets in Resources */,
				FF288B6F25EA894100F5BA05 /* Main.storyboard in Resources */,
			);
			runOnlyForDeploymentPostprocessing = 0;
		};
		FF288B7825EA894200F5BA05 /* Resources */ = {
			isa = PBXResourcesBuildPhase;
			buildActionMask = 2147483647;
			files = (
			);
			runOnlyForDeploymentPostprocessing = 0;
		};
		FF288B8325EA894200F5BA05 /* Resources */ = {
			isa = PBXResourcesBuildPhase;
			buildActionMask = 2147483647;
			files = (
			);
			runOnlyForDeploymentPostprocessing = 0;
		};
/* End PBXResourcesBuildPhase section */

/* Begin PBXSourcesBuildPhase section */
		FF288B6025EA894100F5BA05 /* Sources */ = {
			isa = PBXSourcesBuildPhase;
			buildActionMask = 2147483647;
			files = (
				FF288BAA25EA8B5B00F5BA05 /* RecipeSearchInteractor.swift in Sources */,
				FF288BBE25EA8FF400F5BA05 /* RecipeSearchResponse.swift in Sources */,
				FF288BC325EA93CC00F5BA05 /* RecipeSearchViewTableViewController.swift in Sources */,
				FF22DF0725EAAB3000A64BB3 /* RecipeDetailResponse.swift in Sources */,
				FF22DEEB25EAA74400A64BB3 /* RecipeDetailInteractor.swift in Sources */,
				FF288BAF25EA8B6A00F5BA05 /* RecipeSearchRouter.swift in Sources */,
				FF288BA525EA8B4C00F5BA05 /* RecipeSearchPresenter.swift in Sources */,
				FF22DECE25EA9EB300A64BB3 /* ImageLoader.swift in Sources */,
				FF288B6C25EA894100F5BA05 /* ViewController.swift in Sources */,
				FF288B9D25EA8AD200F5BA05 /* RecipeSearchProtocols.swift in Sources */,
				FF22DEF025EAA75000A64BB3 /* RecipeDetailRouter.swift in Sources */,
				FF22DEF625EAA81300A64BB3 /* RecipeDetailViewController.swift in Sources */,
				FF288B6825EA894100F5BA05 /* AppDelegate.swift in Sources */,
				FF288B6A25EA894100F5BA05 /* SceneDelegate.swift in Sources */,
				FF22DEFC25EAA8AE00A64BB3 /* RecipeDetail.swift in Sources */,
				FF22DEDD25EAA6BE00A64BB3 /* RecipeDetailProtocols.swift in Sources */,
				FF288BB625EA8B9000F5BA05 /* Recipe.swift in Sources */,
				FF22DEE625EAA73800A64BB3 /* RecipeDetailPresenter.swift in Sources */,
			);
			runOnlyForDeploymentPostprocessing = 0;
		};
		FF288B7625EA894200F5BA05 /* Sources */ = {
			isa = PBXSourcesBuildPhase;
			buildActionMask = 2147483647;
			files = (
				FF288B7F25EA894200F5BA05 /* recipe_bookTests.swift in Sources */,
			);
			runOnlyForDeploymentPostprocessing = 0;
		};
		FF288B8125EA894200F5BA05 /* Sources */ = {
			isa = PBXSourcesBuildPhase;
			buildActionMask = 2147483647;
			files = (
				FF288B8A25EA894200F5BA05 /* recipe_bookUITests.swift in Sources */,
			);
			runOnlyForDeploymentPostprocessing = 0;
		};
/* End PBXSourcesBuildPhase section */

/* Begin PBXTargetDependency section */
		FF288B7C25EA894200F5BA05 /* PBXTargetDependency */ = {
			isa = PBXTargetDependency;
			target = FF288B6325EA894100F5BA05 /* recipe book */;
			targetProxy = FF288B7B25EA894200F5BA05 /* PBXContainerItemProxy */;
		};
		FF288B8725EA894200F5BA05 /* PBXTargetDependency */ = {
			isa = PBXTargetDependency;
			target = FF288B6325EA894100F5BA05 /* recipe book */;
			targetProxy = FF288B8625EA894200F5BA05 /* PBXContainerItemProxy */;
		};
/* End PBXTargetDependency section */

/* Begin PBXVariantGroup section */
		FF288B6D25EA894100F5BA05 /* Main.storyboard */ = {
			isa = PBXVariantGroup;
			children = (
				FF288B6E25EA894100F5BA05 /* Base */,
			);
			name = Main.storyboard;
			sourceTree = "<group>";
		};
		FF288B7225EA894200F5BA05 /* LaunchScreen.storyboard */ = {
			isa = PBXVariantGroup;
			children = (
				FF288B7325EA894200F5BA05 /* Base */,
			);
			name = LaunchScreen.storyboard;
			sourceTree = "<group>";
		};
/* End PBXVariantGroup section */

/* Begin XCBuildConfiguration section */
		FF288B8C25EA894200F5BA05 /* Debug */ = {
			isa = XCBuildConfiguration;
			buildSettings = {
				ALWAYS_SEARCH_USER_PATHS = NO;
				CLANG_ANALYZER_NONNULL = YES;
				CLANG_ANALYZER_NUMBER_OBJECT_CONVERSION = YES_AGGRESSIVE;
				CLANG_CXX_LANGUAGE_STANDARD = "gnu++14";
				CLANG_CXX_LIBRARY = "libc++";
				CLANG_ENABLE_MODULES = YES;
				CLANG_ENABLE_OBJC_ARC = YES;
				CLANG_ENABLE_OBJC_WEAK = YES;
				CLANG_WARN_BLOCK_CAPTURE_AUTORELEASING = YES;
				CLANG_WARN_BOOL_CONVERSION = YES;
				CLANG_WARN_COMMA = YES;
				CLANG_WARN_CONSTANT_CONVERSION = YES;
				CLANG_WARN_DEPRECATED_OBJC_IMPLEMENTATIONS = YES;
				CLANG_WARN_DIRECT_OBJC_ISA_USAGE = YES_ERROR;
				CLANG_WARN_DOCUMENTATION_COMMENTS = YES;
				CLANG_WARN_EMPTY_BODY = YES;
				CLANG_WARN_ENUM_CONVERSION = YES;
				CLANG_WARN_INFINITE_RECURSION = YES;
				CLANG_WARN_INT_CONVERSION = YES;
				CLANG_WARN_NON_LITERAL_NULL_CONVERSION = YES;
				CLANG_WARN_OBJC_IMPLICIT_RETAIN_SELF = YES;
				CLANG_WARN_OBJC_LITERAL_CONVERSION = YES;
				CLANG_WARN_OBJC_ROOT_CLASS = YES_ERROR;
				CLANG_WARN_QUOTED_INCLUDE_IN_FRAMEWORK_HEADER = YES;
				CLANG_WARN_RANGE_LOOP_ANALYSIS = YES;
				CLANG_WARN_STRICT_PROTOTYPES = YES;
				CLANG_WARN_SUSPICIOUS_MOVE = YES;
				CLANG_WARN_UNGUARDED_AVAILABILITY = YES_AGGRESSIVE;
				CLANG_WARN_UNREACHABLE_CODE = YES;
				CLANG_WARN__DUPLICATE_METHOD_MATCH = YES;
				COPY_PHASE_STRIP = NO;
				DEBUG_INFORMATION_FORMAT = dwarf;
				ENABLE_STRICT_OBJC_MSGSEND = YES;
				ENABLE_TESTABILITY = YES;
				GCC_C_LANGUAGE_STANDARD = gnu11;
				GCC_DYNAMIC_NO_PIC = NO;
				GCC_NO_COMMON_BLOCKS = YES;
				GCC_OPTIMIZATION_LEVEL = 0;
				GCC_PREPROCESSOR_DEFINITIONS = (
					"DEBUG=1",
					"$(inherited)",
				);
				GCC_WARN_64_TO_32_BIT_CONVERSION = YES;
				GCC_WARN_ABOUT_RETURN_TYPE = YES_ERROR;
				GCC_WARN_UNDECLARED_SELECTOR = YES;
				GCC_WARN_UNINITIALIZED_AUTOS = YES_AGGRESSIVE;
				GCC_WARN_UNUSED_FUNCTION = YES;
				GCC_WARN_UNUSED_VARIABLE = YES;
				IPHONEOS_DEPLOYMENT_TARGET = 14.2;
				MTL_ENABLE_DEBUG_INFO = INCLUDE_SOURCE;
				MTL_FAST_MATH = YES;
				ONLY_ACTIVE_ARCH = YES;
				SDKROOT = iphoneos;
				SWIFT_ACTIVE_COMPILATION_CONDITIONS = DEBUG;
				SWIFT_OPTIMIZATION_LEVEL = "-Onone";
			};
			name = Debug;
		};
		FF288B8D25EA894200F5BA05 /* Release */ = {
			isa = XCBuildConfiguration;
			buildSettings = {
				ALWAYS_SEARCH_USER_PATHS = NO;
				CLANG_ANALYZER_NONNULL = YES;
				CLANG_ANALYZER_NUMBER_OBJECT_CONVERSION = YES_AGGRESSIVE;
				CLANG_CXX_LANGUAGE_STANDARD = "gnu++14";
				CLANG_CXX_LIBRARY = "libc++";
				CLANG_ENABLE_MODULES = YES;
				CLANG_ENABLE_OBJC_ARC = YES;
				CLANG_ENABLE_OBJC_WEAK = YES;
				CLANG_WARN_BLOCK_CAPTURE_AUTORELEASING = YES;
				CLANG_WARN_BOOL_CONVERSION = YES;
				CLANG_WARN_COMMA = YES;
				CLANG_WARN_CONSTANT_CONVERSION = YES;
				CLANG_WARN_DEPRECATED_OBJC_IMPLEMENTATIONS = YES;
				CLANG_WARN_DIRECT_OBJC_ISA_USAGE = YES_ERROR;
				CLANG_WARN_DOCUMENTATION_COMMENTS = YES;
				CLANG_WARN_EMPTY_BODY = YES;
				CLANG_WARN_ENUM_CONVERSION = YES;
				CLANG_WARN_INFINITE_RECURSION = YES;
				CLANG_WARN_INT_CONVERSION = YES;
				CLANG_WARN_NON_LITERAL_NULL_CONVERSION = YES;
				CLANG_WARN_OBJC_IMPLICIT_RETAIN_SELF = YES;
				CLANG_WARN_OBJC_LITERAL_CONVERSION = YES;
				CLANG_WARN_OBJC_ROOT_CLASS = YES_ERROR;
				CLANG_WARN_QUOTED_INCLUDE_IN_FRAMEWORK_HEADER = YES;
				CLANG_WARN_RANGE_LOOP_ANALYSIS = YES;
				CLANG_WARN_STRICT_PROTOTYPES = YES;
				CLANG_WARN_SUSPICIOUS_MOVE = YES;
				CLANG_WARN_UNGUARDED_AVAILABILITY = YES_AGGRESSIVE;
				CLANG_WARN_UNREACHABLE_CODE = YES;
				CLANG_WARN__DUPLICATE_METHOD_MATCH = YES;
				COPY_PHASE_STRIP = NO;
				DEBUG_INFORMATION_FORMAT = "dwarf-with-dsym";
				ENABLE_NS_ASSERTIONS = NO;
				ENABLE_STRICT_OBJC_MSGSEND = YES;
				GCC_C_LANGUAGE_STANDARD = gnu11;
				GCC_NO_COMMON_BLOCKS = YES;
				GCC_WARN_64_TO_32_BIT_CONVERSION = YES;
				GCC_WARN_ABOUT_RETURN_TYPE = YES_ERROR;
				GCC_WARN_UNDECLARED_SELECTOR = YES;
				GCC_WARN_UNINITIALIZED_AUTOS = YES_AGGRESSIVE;
				GCC_WARN_UNUSED_FUNCTION = YES;
				GCC_WARN_UNUSED_VARIABLE = YES;
				IPHONEOS_DEPLOYMENT_TARGET = 14.2;
				MTL_ENABLE_DEBUG_INFO = NO;
				MTL_FAST_MATH = YES;
				SDKROOT = iphoneos;
				SWIFT_COMPILATION_MODE = wholemodule;
				SWIFT_OPTIMIZATION_LEVEL = "-O";
				VALIDATE_PRODUCT = YES;
			};
			name = Release;
		};
		FF288B8F25EA894200F5BA05 /* Debug */ = {
			isa = XCBuildConfiguration;
			buildSettings = {
				ASSETCATALOG_COMPILER_APPICON_NAME = AppIcon;
				ASSETCATALOG_COMPILER_GLOBAL_ACCENT_COLOR_NAME = AccentColor;
				CODE_SIGN_STYLE = Automatic;
				DEVELOPMENT_TEAM = 7RFG3R7R9K;
				INFOPLIST_FILE = "recipe book/Info.plist";
				LD_RUNPATH_SEARCH_PATHS = (
					"$(inherited)",
					"@executable_path/Frameworks",
				);
				PRODUCT_BUNDLE_IDENTIFIER = "com.ignaciojpg.recipe-book";
				PRODUCT_NAME = "$(TARGET_NAME)";
				SWIFT_VERSION = 5.0;
				TARGETED_DEVICE_FAMILY = "1,2";
			};
			name = Debug;
		};
		FF288B9025EA894200F5BA05 /* Release */ = {
			isa = XCBuildConfiguration;
			buildSettings = {
				ASSETCATALOG_COMPILER_APPICON_NAME = AppIcon;
				ASSETCATALOG_COMPILER_GLOBAL_ACCENT_COLOR_NAME = AccentColor;
				CODE_SIGN_STYLE = Automatic;
				DEVELOPMENT_TEAM = 7RFG3R7R9K;
				INFOPLIST_FILE = "recipe book/Info.plist";
				LD_RUNPATH_SEARCH_PATHS = (
					"$(inherited)",
					"@executable_path/Frameworks",
				);
				PRODUCT_BUNDLE_IDENTIFIER = "com.ignaciojpg.recipe-book";
				PRODUCT_NAME = "$(TARGET_NAME)";
				SWIFT_VERSION = 5.0;
				TARGETED_DEVICE_FAMILY = "1,2";
			};
			name = Release;
		};
		FF288B9225EA894200F5BA05 /* Debug */ = {
			isa = XCBuildConfiguration;
			buildSettings = {
				ALWAYS_EMBED_SWIFT_STANDARD_LIBRARIES = YES;
				BUNDLE_LOADER = "$(TEST_HOST)";
				CODE_SIGN_STYLE = Automatic;
				DEVELOPMENT_TEAM = 7RFG3R7R9K;
				INFOPLIST_FILE = "recipe bookTests/Info.plist";
				IPHONEOS_DEPLOYMENT_TARGET = 14.2;
				LD_RUNPATH_SEARCH_PATHS = (
					"$(inherited)",
					"@executable_path/Frameworks",
					"@loader_path/Frameworks",
				);
				PRODUCT_BUNDLE_IDENTIFIER = "com.ignaciojpg.recipe-bookTests";
				PRODUCT_NAME = "$(TARGET_NAME)";
				SWIFT_VERSION = 5.0;
				TARGETED_DEVICE_FAMILY = "1,2";
				TEST_HOST = "$(BUILT_PRODUCTS_DIR)/recipe book.app/recipe book";
			};
			name = Debug;
		};
		FF288B9325EA894200F5BA05 /* Release */ = {
			isa = XCBuildConfiguration;
			buildSettings = {
				ALWAYS_EMBED_SWIFT_STANDARD_LIBRARIES = YES;
				BUNDLE_LOADER = "$(TEST_HOST)";
				CODE_SIGN_STYLE = Automatic;
				DEVELOPMENT_TEAM = 7RFG3R7R9K;
				INFOPLIST_FILE = "recipe bookTests/Info.plist";
				IPHONEOS_DEPLOYMENT_TARGET = 14.2;
				LD_RUNPATH_SEARCH_PATHS = (
					"$(inherited)",
					"@executable_path/Frameworks",
					"@loader_path/Frameworks",
				);
				PRODUCT_BUNDLE_IDENTIFIER = "com.ignaciojpg.recipe-bookTests";
				PRODUCT_NAME = "$(TARGET_NAME)";
				SWIFT_VERSION = 5.0;
				TARGETED_DEVICE_FAMILY = "1,2";
				TEST_HOST = "$(BUILT_PRODUCTS_DIR)/recipe book.app/recipe book";
			};
			name = Release;
		};
		FF288B9525EA894200F5BA05 /* Debug */ = {
			isa = XCBuildConfiguration;
			buildSettings = {
				ALWAYS_EMBED_SWIFT_STANDARD_LIBRARIES = YES;
				CODE_SIGN_STYLE = Automatic;
				DEVELOPMENT_TEAM = 7RFG3R7R9K;
				INFOPLIST_FILE = "recipe bookUITests/Info.plist";
				LD_RUNPATH_SEARCH_PATHS = (
					"$(inherited)",
					"@executable_path/Frameworks",
					"@loader_path/Frameworks",
				);
				PRODUCT_BUNDLE_IDENTIFIER = "com.ignaciojpg.recipe-bookUITests";
				PRODUCT_NAME = "$(TARGET_NAME)";
				SWIFT_VERSION = 5.0;
				TARGETED_DEVICE_FAMILY = "1,2";
				TEST_TARGET_NAME = "recipe book";
			};
			name = Debug;
		};
		FF288B9625EA894200F5BA05 /* Release */ = {
			isa = XCBuildConfiguration;
			buildSettings = {
				ALWAYS_EMBED_SWIFT_STANDARD_LIBRARIES = YES;
				CODE_SIGN_STYLE = Automatic;
				DEVELOPMENT_TEAM = 7RFG3R7R9K;
				INFOPLIST_FILE = "recipe bookUITests/Info.plist";
				LD_RUNPATH_SEARCH_PATHS = (
					"$(inherited)",
					"@executable_path/Frameworks",
					"@loader_path/Frameworks",
				);
				PRODUCT_BUNDLE_IDENTIFIER = "com.ignaciojpg.recipe-bookUITests";
				PRODUCT_NAME = "$(TARGET_NAME)";
				SWIFT_VERSION = 5.0;
				TARGETED_DEVICE_FAMILY = "1,2";
				TEST_TARGET_NAME = "recipe book";
			};
			name = Release;
		};
/* End XCBuildConfiguration section */

/* Begin XCConfigurationList section */
		FF288B5F25EA894100F5BA05 /* Build configuration list for PBXProject "recipe book" */ = {
			isa = XCConfigurationList;
			buildConfigurations = (
				FF288B8C25EA894200F5BA05 /* Debug */,
				FF288B8D25EA894200F5BA05 /* Release */,
			);
			defaultConfigurationIsVisible = 0;
			defaultConfigurationName = Release;
		};
		FF288B8E25EA894200F5BA05 /* Build configuration list for PBXNativeTarget "recipe book" */ = {
			isa = XCConfigurationList;
			buildConfigurations = (
				FF288B8F25EA894200F5BA05 /* Debug */,
				FF288B9025EA894200F5BA05 /* Release */,
			);
			defaultConfigurationIsVisible = 0;
			defaultConfigurationName = Release;
		};
		FF288B9125EA894200F5BA05 /* Build configuration list for PBXNativeTarget "recipe bookTests" */ = {
			isa = XCConfigurationList;
			buildConfigurations = (
				FF288B9225EA894200F5BA05 /* Debug */,
				FF288B9325EA894200F5BA05 /* Release */,
			);
			defaultConfigurationIsVisible = 0;
			defaultConfigurationName = Release;
		};
		FF288B9425EA894200F5BA05 /* Build configuration list for PBXNativeTarget "recipe bookUITests" */ = {
			isa = XCConfigurationList;
			buildConfigurations = (
				FF288B9525EA894200F5BA05 /* Debug */,
				FF288B9625EA894200F5BA05 /* Release */,
			);
			defaultConfigurationIsVisible = 0;
			defaultConfigurationName = Release;
		};
/* End XCConfigurationList section */
	};
	rootObject = FF288B5C25EA894100F5BA05 /* Project object */;
}
